
Microsoft Visual Studio Solution File, Format Version 12.00
# Visual Studio 2013
VisualStudioVersion = 12.0.31101.0
MinimumVisualStudioVersion = 10.0.40219.1
Project("{FAE04EC0-301F-11D3-BF4B-00C04F79EFBC}") = "SunLive", "SunLive\SunLive.csproj", "{9800458B-9CC3-43E7-BB6C-673AE49DEC78}"
EndProject
Project("{FAE04EC0-301F-11D3-BF4B-00C04F79EFBC}") = "Model", "Model\Model.csproj", "{535AA202-715E-4AD0-AD41-FAB08B82BD03}"
EndProject
Project("{FAE04EC0-301F-11D3-BF4B-00C04F79EFBC}") = "Download", "Download\Download.csproj", "{AA7CF053-5EFB-4AEE-863F-1D51B37CBC1A}"
EndProject
Project("{FAE04EC0-301F-11D3-BF4B-00C04F79EFBC}") = "Downloader", "Downloader\Downloader.csproj", "{22809A75-4D46-4F98-9FF6-B5BF9F645D8D}"
EndProject
Project("{FAE04EC0-301F-11D3-BF4B-00C04F79EFBC}") = "Test", "Test\Test.csproj", "{91CB8BF2-8345-40BB-A180-A3A5536D46F0}"
EndProject
Global
	GlobalSection(SolutionConfigurationPlatforms) = preSolution
		Debug|Any CPU = Debug|Any CPU
		Release|Any CPU = Release|Any CPU
	EndGlobalSection
	GlobalSection(ProjectConfigurationPlatforms) = postSolution
		{9800458B-9CC3-43E7-BB6C-673AE49DEC78}.Debug|Any CPU.ActiveCfg = Debug|Any CPU
		{9800458B-9CC3-43E7-BB6C-673AE49DEC78}.Debug|Any CPU.Build.0 = Debug|Any CPU
		{9800458B-9CC3-43E7-BB6C-673AE49DEC78}.Release|Any CPU.ActiveCfg = Release|Any CPU
		{9800458B-9CC3-43E7-BB6C-673AE49DEC78}.Release|Any CPU.Build.0 = Release|Any CPU
		{535AA202-715E-4AD0-AD41-FAB08B82BD03}.Debug|Any CPU.ActiveCfg = Debug|Any CPU
		{535AA202-715E-4AD0-AD41-FAB08B82BD03}.Debug|Any CPU.Build.0 = Debug|Any CPU
		{535AA202-715E-4AD0-AD41-FAB08B82BD03}.Release|Any CPU.ActiveCfg = Release|Any CPU
		{535AA202-715E-4AD0-AD41-FAB08B82BD03}.Release|Any CPU.Build.0 = Release|Any CPU
		{AA7CF053-5EFB-4AEE-863F-1D51B37CBC1A}.Debug|Any CPU.ActiveCfg = Debug|Any CPU
		{AA7CF053-5EFB-4AEE-863F-1D51B37CBC1A}.Debug|Any CPU.Build.0 = Debug|Any CPU
		{AA7CF053-5EFB-4AEE-863F-1D51B37CBC1A}.Release|Any CPU.ActiveCfg = Release|Any CPU
		{AA7CF053-5EFB-4AEE-863F-1D51B37CBC1A}.Release|Any CPU.Build.0 = Release|Any CPU
		{22809A75-4D46-4F98-9FF6-B5BF9F645D8D}.Debug|Any CPU.ActiveCfg = Debug|Any CPU
		{22809A75-4D46-4F98-9FF6-B5BF9F645D8D}.Debug|Any CPU.Build.0 = Debug|Any CPU
		{22809A75-4D46-4F98-9FF6-B5BF9F645D8D}.Release|Any CPU.ActiveCfg = Release|Any CPU
		{22809A75-4D46-4F98-9FF6-B5BF9F645D8D}.Release|Any CPU.Build.0 = Release|Any CPU
		{91CB8BF2-8345-40BB-A180-A3A5536D46F0}.Debug|Any CPU.ActiveCfg = Debug|Any CPU
		{91CB8BF2-8345-40BB-A180-A3A5536D46F0}.Debug|Any CPU.Build.0 = Debug|Any CPU
		{91CB8BF2-8345-40BB-A180-A3A5536D46F0}.Release|Any CPU.ActiveCfg = Release|Any CPU
		{91CB8BF2-8345-40BB-A180-A3A5536D46F0}.Release|Any CPU.Build.0 = Release|Any CPU
	EndGlobalSection
	GlobalSection(SolutionProperties) = preSolution
		HideSolutionNode = FALSE
	EndGlobalSection
EndGlobal
